
Microsoft Visual Studio Solution File, Format Version 12.00
# Visual Studio 15
VisualStudioVersion = 15.0.27428.2043
MinimumVisualStudioVersion = 10.0.40219.1
Project("{FAE04EC0-301F-11D3-BF4B-00C04F79EFBC}") = "AFWAJ.Android", "AFWAJ\AFWAJ.Android\AFWAJ.Android.csproj", "{57C2B745-CB15-45EF-AE60-D612FA9B7435}"
EndProject
Project("{FAE04EC0-301F-11D3-BF4B-00C04F79EFBC}") = "AFWAJ.iOS", "AFWAJ\AFWAJ.iOS\AFWAJ.iOS.csproj", "{A7F79563-09B2-43FC-AFC3-A1BA1DBA3C5A}"
EndProject
Project("{9A19103F-16F7-4668-BE54-9A1E7A4F7556}") = "AFWAJ", "AFWAJ\AFWAJ\AFWAJ.csproj", "{58AC3CE2-C5CC-4387-9978-7C7C0C7583B3}"
EndProject
Project("{FAE04EC0-301F-11D3-BF4B-00C04F79EFBC}") = "AFWAJ_WS", "AFWAJ_WS\AFWAJ_WS.csproj", "{590B0191-E966-4BFB-8F78-DFF14CB84378}"
EndProject
Global
	GlobalSection(SolutionConfigurationPlatforms) = preSolution
		Ad-Hoc|Any CPU = Ad-Hoc|Any CPU
		Ad-Hoc|iPhone = Ad-Hoc|iPhone
		Ad-Hoc|iPhoneSimulator = Ad-Hoc|iPhoneSimulator
		AppStore|Any CPU = AppStore|Any CPU
		AppStore|iPhone = AppStore|iPhone
		AppStore|iPhoneSimulator = AppStore|iPhoneSimulator
		Debug|Any CPU = Debug|Any CPU
		Debug|iPhone = Debug|iPhone
		Debug|iPhoneSimulator = Debug|iPhoneSimulator
		Release|Any CPU = Release|Any CPU
		Release|iPhone = Release|iPhone
		Release|iPhoneSimulator = Release|iPhoneSimulator
	EndGlobalSection
	GlobalSection(ProjectConfigurationPlatforms) = postSolution
		{57C2B745-CB15-45EF-AE60-D612FA9B7435}.Ad-Hoc|Any CPU.ActiveCfg = Release|Any CPU
		{57C2B745-CB15-45EF-AE60-D612FA9B7435}.Ad-Hoc|Any CPU.Build.0 = Release|Any CPU
		{57C2B745-CB15-45EF-AE60-D612FA9B7435}.Ad-Hoc|Any CPU.Deploy.0 = Release|Any CPU
		{57C2B745-CB15-45EF-AE60-D612FA9B7435}.Ad-Hoc|iPhone.ActiveCfg = Release|Any CPU
		{57C2B745-CB15-45EF-AE60-D612FA9B7435}.Ad-Hoc|iPhone.Build.0 = Release|Any CPU
		{57C2B745-CB15-45EF-AE60-D612FA9B7435}.Ad-Hoc|iPhone.Deploy.0 = Release|Any CPU
		{57C2B745-CB15-45EF-AE60-D612FA9B7435}.Ad-Hoc|iPhoneSimulator.ActiveCfg = Release|Any CPU
		{57C2B745-CB15-45EF-AE60-D612FA9B7435}.Ad-Hoc|iPhoneSimulator.Build.0 = Release|Any CPU
		{57C2B745-CB15-45EF-AE60-D612FA9B7435}.Ad-Hoc|iPhoneSimulator.Deploy.0 = Release|Any CPU
		{57C2B745-CB15-45EF-AE60-D612FA9B7435}.AppStore|Any CPU.ActiveCfg = Release|Any CPU
		{57C2B745-CB15-45EF-AE60-D612FA9B7435}.AppStore|Any CPU.Build.0 = Release|Any CPU
		{57C2B745-CB15-45EF-AE60-D612FA9B7435}.AppStore|Any CPU.Deploy.0 = Release|Any CPU
		{57C2B745-CB15-45EF-AE60-D612FA9B7435}.AppStore|iPhone.ActiveCfg = Release|Any CPU
		{57C2B745-CB15-45EF-AE60-D612FA9B7435}.AppStore|iPhone.Build.0 = Release|Any CPU
		{57C2B745-CB15-45EF-AE60-D612FA9B7435}.AppStore|iPhone.Deploy.0 = Release|Any CPU
		{57C2B745-CB15-45EF-AE60-D612FA9B7435}.AppStore|iPhoneSimulator.ActiveCfg = Release|Any CPU
		{57C2B745-CB15-45EF-AE60-D612FA9B7435}.AppStore|iPhoneSimulator.Build.0 = Release|Any CPU
		{57C2B745-CB15-45EF-AE60-D612FA9B7435}.AppStore|iPhoneSimulator.Deploy.0 = Release|Any CPU
		{57C2B745-CB15-45EF-AE60-D612FA9B7435}.Debug|Any CPU.ActiveCfg = Debug|Any CPU
		{57C2B745-CB15-45EF-AE60-D612FA9B7435}.Debug|Any CPU.Build.0 = Debug|Any CPU
		{57C2B745-CB15-45EF-AE60-D612FA9B7435}.Debug|Any CPU.Deploy.0 = Debug|Any CPU
		{57C2B745-CB15-45EF-AE60-D612FA9B7435}.Debug|iPhone.ActiveCfg = Debug|Any CPU
		{57C2B745-CB15-45EF-AE60-D612FA9B7435}.Debug|iPhone.Build.0 = Debug|Any CPU
		{57C2B745-CB15-45EF-AE60-D612FA9B7435}.Debug|iPhone.Deploy.0 = Debug|Any CPU
		{57C2B745-CB15-45EF-AE60-D612FA9B7435}.Debug|iPhoneSimulator.ActiveCfg = Debug|Any CPU
		{57C2B745-CB15-45EF-AE60-D612FA9B7435}.Debug|iPhoneSimulator.Build.0 = Debug|Any CPU
		{57C2B745-CB15-45EF-AE60-D612FA9B7435}.Debug|iPhoneSimulator.Deploy.0 = Debug|Any CPU
		{57C2B745-CB15-45EF-AE60-D612FA9B7435}.Release|Any CPU.ActiveCfg = Release|Any CPU
		{57C2B745-CB15-45EF-AE60-D612FA9B7435}.Release|Any CPU.Build.0 = Release|Any CPU
		{57C2B745-CB15-45EF-AE60-D612FA9B7435}.Release|Any CPU.Deploy.0 = Release|Any CPU
		{57C2B745-CB15-45EF-AE60-D612FA9B7435}.Release|iPhone.ActiveCfg = Release|Any CPU
		{57C2B745-CB15-45EF-AE60-D612FA9B7435}.Release|iPhone.Build.0 = Release|Any CPU
		{57C2B745-CB15-45EF-AE60-D612FA9B7435}.Release|iPhone.Deploy.0 = Release|Any CPU
		{57C2B745-CB15-45EF-AE60-D612FA9B7435}.Release|iPhoneSimulator.ActiveCfg = Release|Any CPU
		{57C2B745-CB15-45EF-AE60-D612FA9B7435}.Release|iPhoneSimulator.Build.0 = Release|Any CPU
		{57C2B745-CB15-45EF-AE60-D612FA9B7435}.Release|iPhoneSimulator.Deploy.0 = Release|Any CPU
		{A7F79563-09B2-43FC-AFC3-A1BA1DBA3C5A}.Ad-Hoc|Any CPU.ActiveCfg = Ad-Hoc|iPhone
		{A7F79563-09B2-43FC-AFC3-A1BA1DBA3C5A}.Ad-Hoc|iPhone.ActiveCfg = Ad-Hoc|iPhone
		{A7F79563-09B2-43FC-AFC3-A1BA1DBA3C5A}.Ad-Hoc|iPhone.Build.0 = Ad-Hoc|iPhone
		{A7F79563-09B2-43FC-AFC3-A1BA1DBA3C5A}.Ad-Hoc|iPhoneSimulator.ActiveCfg = Ad-Hoc|iPhoneSimulator
		{A7F79563-09B2-43FC-AFC3-A1BA1DBA3C5A}.Ad-Hoc|iPhoneSimulator.Build.0 = Ad-Hoc|iPhoneSimulator
		{A7F79563-09B2-43FC-AFC3-A1BA1DBA3C5A}.AppStore|Any CPU.ActiveCfg = AppStore|iPhone
		{A7F79563-09B2-43FC-AFC3-A1BA1DBA3C5A}.AppStore|iPhone.ActiveCfg = AppStore|iPhone
		{A7F79563-09B2-43FC-AFC3-A1BA1DBA3C5A}.AppStore|iPhone.Build.0 = AppStore|iPhone
		{A7F79563-09B2-43FC-AFC3-A1BA1DBA3C5A}.AppStore|iPhoneSimulator.ActiveCfg = AppStore|iPhoneSimulator
		{A7F79563-09B2-43FC-AFC3-A1BA1DBA3C5A}.AppStore|iPhoneSimulator.Build.0 = AppStore|iPhoneSimulator
		{A7F79563-09B2-43FC-AFC3-A1BA1DBA3C5A}.Debug|Any CPU.ActiveCfg = Debug|iPhone
		{A7F79563-09B2-43FC-AFC3-A1BA1DBA3C5A}.Debug|iPhone.ActiveCfg = Debug|iPhone
		{A7F79563-09B2-43FC-AFC3-A1BA1DBA3C5A}.Debug|iPhone.Build.0 = Debug|iPhone
		{A7F79563-09B2-43FC-AFC3-A1BA1DBA3C5A}.Debug|iPhoneSimulator.ActiveCfg = Debug|iPhoneSimulator
		{A7F79563-09B2-43FC-AFC3-A1BA1DBA3C5A}.Debug|iPhoneSimulator.Build.0 = Debug|iPhoneSimulator
		{A7F79563-09B2-43FC-AFC3-A1BA1DBA3C5A}.Release|Any CPU.ActiveCfg = Release|iPhone
		{A7F79563-09B2-43FC-AFC3-A1BA1DBA3C5A}.Release|iPhone.ActiveCfg = Release|iPhone
		{A7F79563-09B2-43FC-AFC3-A1BA1DBA3C5A}.Release|iPhone.Build.0 = Release|iPhone
		{A7F79563-09B2-43FC-AFC3-A1BA1DBA3C5A}.Release|iPhoneSimulator.ActiveCfg = Release|iPhoneSimulator
		{A7F79563-09B2-43FC-AFC3-A1BA1DBA3C5A}.Release|iPhoneSimulator.Build.0 = Release|iPhoneSimulator
		{58AC3CE2-C5CC-4387-9978-7C7C0C7583B3}.Ad-Hoc|Any CPU.ActiveCfg = Debug|Any CPU
		{58AC3CE2-C5CC-4387-9978-7C7C0C7583B3}.Ad-Hoc|Any CPU.Build.0 = Debug|Any CPU
		{58AC3CE2-C5CC-4387-9978-7C7C0C7583B3}.Ad-Hoc|iPhone.ActiveCfg = Debug|Any CPU
		{58AC3CE2-C5CC-4387-9978-7C7C0C7583B3}.Ad-Hoc|iPhone.Build.0 = Debug|Any CPU
		{58AC3CE2-C5CC-4387-9978-7C7C0C7583B3}.Ad-Hoc|iPhoneSimulator.ActiveCfg = Debug|Any CPU
		{58AC3CE2-C5CC-4387-9978-7C7C0C7583B3}.Ad-Hoc|iPhoneSimulator.Build.0 = Debug|Any CPU
		{58AC3CE2-C5CC-4387-9978-7C7C0C7583B3}.AppStore|Any CPU.ActiveCfg = Debug|Any CPU
		{58AC3CE2-C5CC-4387-9978-7C7C0C7583B3}.AppStore|Any CPU.Build.0 = Debug|Any CPU
		{58AC3CE2-C5CC-4387-9978-7C7C0C7583B3}.AppStore|iPhone.ActiveCfg = Debug|Any CPU
		{58AC3CE2-C5CC-4387-9978-7C7C0C7583B3}.AppStore|iPhone.Build.0 = Debug|Any CPU
		{58AC3CE2-C5CC-4387-9978-7C7C0C7583B3}.AppStore|iPhoneSimulator.ActiveCfg = Debug|Any CPU
		{58AC3CE2-C5CC-4387-9978-7C7C0C7583B3}.AppStore|iPhoneSimulator.Build.0 = Debug|Any CPU
		{58AC3CE2-C5CC-4387-9978-7C7C0C7583B3}.Debug|Any CPU.ActiveCfg = Debug|Any CPU
		{58AC3CE2-C5CC-4387-9978-7C7C0C7583B3}.Debug|Any CPU.Build.0 = Debug|Any CPU
		{58AC3CE2-C5CC-4387-9978-7C7C0C7583B3}.Debug|iPhone.ActiveCfg = Debug|Any CPU
		{58AC3CE2-C5CC-4387-9978-7C7C0C7583B3}.Debug|iPhone.Build.0 = Debug|Any CPU
		{58AC3CE2-C5CC-4387-9978-7C7C0C7583B3}.Debug|iPhoneSimulator.ActiveCfg = Debug|Any CPU
		{58AC3CE2-C5CC-4387-9978-7C7C0C7583B3}.Debug|iPhoneSimulator.Build.0 = Debug|Any CPU
		{58AC3CE2-C5CC-4387-9978-7C7C0C7583B3}.Release|Any CPU.ActiveCfg = Release|Any CPU
		{58AC3CE2-C5CC-4387-9978-7C7C0C7583B3}.Release|Any CPU.Build.0 = Release|Any CPU
		{58AC3CE2-C5CC-4387-9978-7C7C0C7583B3}.Release|iPhone.ActiveCfg = Release|Any CPU
		{58AC3CE2-C5CC-4387-9978-7C7C0C7583B3}.Release|iPhone.Build.0 = Release|Any CPU
		{58AC3CE2-C5CC-4387-9978-7C7C0C7583B3}.Release|iPhoneSimulator.ActiveCfg = Release|Any CPU
		{58AC3CE2-C5CC-4387-9978-7C7C0C7583B3}.Release|iPhoneSimulator.Build.0 = Release|Any CPU
		{590B0191-E966-4BFB-8F78-DFF14CB84378}.Ad-Hoc|Any CPU.ActiveCfg = Release|Any CPU
		{590B0191-E966-4BFB-8F78-DFF14CB84378}.Ad-Hoc|Any CPU.Build.0 = Release|Any CPU
		{590B0191-E966-4BFB-8F78-DFF14CB84378}.Ad-Hoc|iPhone.ActiveCfg = Release|Any CPU
		{590B0191-E966-4BFB-8F78-DFF14CB84378}.Ad-Hoc|iPhone.Build.0 = Release|Any CPU
		{590B0191-E966-4BFB-8F78-DFF14CB84378}.Ad-Hoc|iPhoneSimulator.ActiveCfg = Release|Any CPU
		{590B0191-E966-4BFB-8F78-DFF14CB84378}.Ad-Hoc|iPhoneSimulator.Build.0 = Release|Any CPU
		{590B0191-E966-4BFB-8F78-DFF14CB84378}.AppStore|Any CPU.ActiveCfg = Release|Any CPU
		{590B0191-E966-4BFB-8F78-DFF14CB84378}.AppStore|Any CPU.Build.0 = Release|Any CPU
		{590B0191-E966-4BFB-8F78-DFF14CB84378}.AppStore|iPhone.ActiveCfg = Release|Any CPU
		{590B0191-E966-4BFB-8F78-DFF14CB84378}.AppStore|iPhone.Build.0 = Release|Any CPU
		{590B0191-E966-4BFB-8F78-DFF14CB84378}.AppStore|iPhoneSimulator.ActiveCfg = Release|Any CPU
		{590B0191-E966-4BFB-8F78-DFF14CB84378}.AppStore|iPhoneSimulator.Build.0 = Release|Any CPU
		{590B0191-E966-4BFB-8F78-DFF14CB84378}.Debug|Any CPU.ActiveCfg = Debug|Any CPU
		{590B0191-E966-4BFB-8F78-DFF14CB84378}.Debug|Any CPU.Build.0 = Debug|Any CPU
		{590B0191-E966-4BFB-8F78-DFF14CB84378}.Debug|iPhone.ActiveCfg = Debug|Any CPU
		{590B0191-E966-4BFB-8F78-DFF14CB84378}.Debug|iPhone.Build.0 = Debug|Any CPU
		{590B0191-E966-4BFB-8F78-DFF14CB84378}.Debug|iPhoneSimulator.ActiveCfg = Debug|Any CPU
		{590B0191-E966-4BFB-8F78-DFF14CB84378}.Debug|iPhoneSimulator.Build.0 = Debug|Any CPU
		{590B0191-E966-4BFB-8F78-DFF14CB84378}.Release|Any CPU.ActiveCfg = Release|Any CPU
		{590B0191-E966-4BFB-8F78-DFF14CB84378}.Release|Any CPU.Build.0 = Release|Any CPU
		{590B0191-E966-4BFB-8F78-DFF14CB84378}.Release|iPhone.ActiveCfg = Release|Any CPU
		{590B0191-E966-4BFB-8F78-DFF14CB84378}.Release|iPhone.Build.0 = Release|Any CPU
		{590B0191-E966-4BFB-8F78-DFF14CB84378}.Release|iPhoneSimulator.ActiveCfg = Release|Any CPU
		{590B0191-E966-4BFB-8F78-DFF14CB84378}.Release|iPhoneSimulator.Build.0 = Release|Any CPU
	EndGlobalSection
	GlobalSection(SolutionProperties) = preSolution
		HideSolutionNode = FALSE
	EndGlobalSection
	GlobalSection(ExtensibilityGlobals) = postSolution
		SolutionGuid = {3E00A040-DB7A-4CA4-BDB4-CAC9CB7FA840}
	EndGlobalSection
	GlobalSection(TeamFoundationVersionControl) = preSolution
		SccNumberOfProjects = 5
		SccEnterpriseProvider = {4CA58AB2-18FA-4F8D-95D4-32DDF27D184C}
		SccTeamFoundationServer = https://qm-dev.visualstudio.com/
		SccLocalPath0 = .
		SccProjectUniqueName1 = AFWAJ\\AFWAJ.Android\\AFWAJ.Android.csproj
		SccProjectName1 = AFWAJ/AFWAJ.Android
		SccLocalPath1 = AFWAJ\\AFWAJ.Android
		SccProjectUniqueName2 = AFWAJ\\AFWAJ.iOS\\AFWAJ.iOS.csproj
		SccProjectName2 = AFWAJ/AFWAJ.iOS
		SccLocalPath2 = AFWAJ\\AFWAJ.iOS
		SccProjectUniqueName3 = AFWAJ\\AFWAJ\\AFWAJ.csproj
		SccProjectName3 = AFWAJ/AFWAJ
		SccLocalPath3 = AFWAJ\\AFWAJ
		SccProjectUniqueName4 = AFWAJ_WS\\AFWAJ_WS.csproj
		SccProjectName4 = AFWAJ_WS
		SccLocalPath4 = AFWAJ_WS
	EndGlobalSection
EndGlobal
